// !$*UTF8*$!
{
	archiveVersion = 1;
	classes = {
	};
	objectVersion = 46;
	objects = {

/* Begin PBXBuildFile section */
		AD371B5F188BA21600E33EDC /* Foundation.framework in Frameworks */ = {isa = PBXBuildFile; fileRef = AD371B5E188BA21600E33EDC /* Foundation.framework */; };
		AD371B63188BA21600E33EDC /* UIKit.framework in Frameworks */ = {isa = PBXBuildFile; fileRef = AD371B62188BA21600E33EDC /* UIKit.framework */; };
		AD371B69188BA21600E33EDC /* InfoPlist.strings in Resources */ = {isa = PBXBuildFile; fileRef = AD371B67188BA21600E33EDC /* InfoPlist.strings */; };
		AD371B6B188BA21600E33EDC /* main.m in Sources */ = {isa = PBXBuildFile; fileRef = AD371B6A188BA21600E33EDC /* main.m */; };
		AD371B6F188BA21700E33EDC /* AppDelegate.m in Sources */ = {isa = PBXBuildFile; fileRef = AD371B6E188BA21700E33EDC /* AppDelegate.m */; };
		AD371B72188BA21700E33EDC /* Main.storyboard in Resources */ = {isa = PBXBuildFile; fileRef = AD371B70188BA21700E33EDC /* Main.storyboard */; };
		AD371B77188BA21700E33EDC /* Images.xcassets in Resources */ = {isa = PBXBuildFile; fileRef = AD371B76188BA21700E33EDC /* Images.xcassets */; };
		AD371B7F188BA21700E33EDC /* Foundation.framework in Frameworks */ = {isa = PBXBuildFile; fileRef = AD371B5E188BA21600E33EDC /* Foundation.framework */; };
		AD371B80188BA21700E33EDC /* UIKit.framework in Frameworks */ = {isa = PBXBuildFile; fileRef = AD371B62188BA21600E33EDC /* UIKit.framework */; };
		AD371B88188BA21700E33EDC /* InfoPlist.strings in Resources */ = {isa = PBXBuildFile; fileRef = AD371B86188BA21700E33EDC /* InfoPlist.strings */; };
		AD371B8A188BA21700E33EDC /* SkateSpotDeuxTests.m in Sources */ = {isa = PBXBuildFile; fileRef = AD371B89188BA21700E33EDC /* SkateSpotDeuxTests.m */; };
		AD371B97188BA3EB00E33EDC /* WelcomeViewController.m in Sources */ = {isa = PBXBuildFile; fileRef = AD371B96188BA3EB00E33EDC /* WelcomeViewController.m */; };
		AD371B9A188BA45500E33EDC /* WallViewController.m in Sources */ = {isa = PBXBuildFile; fileRef = AD371B99188BA45500E33EDC /* WallViewController.m */; };
		AD371B9D188BA8ED00E33EDC /* NewUserViewController.m in Sources */ = {isa = PBXBuildFile; fileRef = AD371B9C188BA8ED00E33EDC /* NewUserViewController.m */; };
		AD371BA0188BA91100E33EDC /* ActivityView.m in Sources */ = {isa = PBXBuildFile; fileRef = AD371B9F188BA91100E33EDC /* ActivityView.m */; };
		AD371BA3188BA91D00E33EDC /* CircleView.m in Sources */ = {isa = PBXBuildFile; fileRef = AD371BA2188BA91D00E33EDC /* CircleView.m */; };
		AD371BA6188BA94800E33EDC /* Post.m in Sources */ = {isa = PBXBuildFile; fileRef = AD371BA5188BA94800E33EDC /* Post.m */; };
		AD371BA9188BA95500E33EDC /* SearchRadius.m in Sources */ = {isa = PBXBuildFile; fileRef = AD371BA8188BA95500E33EDC /* SearchRadius.m */; };
		AD371BAC188BA97D00E33EDC /* LoginViewController.m in Sources */ = {isa = PBXBuildFile; fileRef = AD371BAB188BA97D00E33EDC /* LoginViewController.m */; };
		AD371BAF188BA9C700E33EDC /* WallPostCreateViewController.m in Sources */ = {isa = PBXBuildFile; fileRef = AD371BAE188BA9C700E33EDC /* WallPostCreateViewController.m */; };
		AD371BB2188BA9DF00E33EDC /* WallPostsTableViewController.m in Sources */ = {isa = PBXBuildFile; fileRef = AD371BB1188BA9DF00E33EDC /* WallPostsTableViewController.m */; };
		AD371BB5188BAA0800E33EDC /* SettingsViewController.m in Sources */ = {isa = PBXBuildFile; fileRef = AD371BB4188BAA0800E33EDC /* SettingsViewController.m */; };
		AD371BB7188BB6A900E33EDC /* CoreLocation.framework in Frameworks */ = {isa = PBXBuildFile; fileRef = AD371BB6188BB6A900E33EDC /* CoreLocation.framework */; };
		AD371BB9188BB6AF00E33EDC /* MapKit.framework in Frameworks */ = {isa = PBXBuildFile; fileRef = AD371BB8188BB6AF00E33EDC /* MapKit.framework */; };
		AD371BD3188BC8E800E33EDC /* Parse.framework in Frameworks */ = {isa = PBXBuildFile; fileRef = AD371BD2188BC8E800E33EDC /* Parse.framework */; };
		AD371BDD188BC93000E33EDC /* AudioToolbox.framework in Frameworks */ = {isa = PBXBuildFile; fileRef = AD371BD4188BC93000E33EDC /* AudioToolbox.framework */; };
		AD371BDE188BC93000E33EDC /* CFNetwork.framework in Frameworks */ = {isa = PBXBuildFile; fileRef = AD371BD5188BC93000E33EDC /* CFNetwork.framework */; };
		AD371BDF188BC93000E33EDC /* CoreGraphics.framework in Frameworks */ = {isa = PBXBuildFile; fileRef = AD371BD6188BC93000E33EDC /* CoreGraphics.framework */; };
		AD371BE0188BC93000E33EDC /* libz.dylib in Frameworks */ = {isa = PBXBuildFile; fileRef = AD371BD7188BC93000E33EDC /* libz.dylib */; };
		AD371BE1188BC93000E33EDC /* MobileCoreServices.framework in Frameworks */ = {isa = PBXBuildFile; fileRef = AD371BD8188BC93000E33EDC /* MobileCoreServices.framework */; };
		AD371BE2188BC93000E33EDC /* QuartzCore.framework in Frameworks */ = {isa = PBXBuildFile; fileRef = AD371BD9188BC93000E33EDC /* QuartzCore.framework */; };
		AD371BE3188BC93000E33EDC /* Security.framework in Frameworks */ = {isa = PBXBuildFile; fileRef = AD371BDA188BC93000E33EDC /* Security.framework */; };
		AD371BE4188BC93000E33EDC /* StoreKit.framework in Frameworks */ = {isa = PBXBuildFile; fileRef = AD371BDB188BC93000E33EDC /* StoreKit.framework */; };
		AD371BE5188BC93000E33EDC /* SystemConfiguration.framework in Frameworks */ = {isa = PBXBuildFile; fileRef = AD371BDC188BC93000E33EDC /* SystemConfiguration.framework */; };
		AD371C02188BDC4900E33EDC /* blueBubble.png in Resources */ = {isa = PBXBuildFile; fileRef = AD371BEB188BDC4900E33EDC /* blueBubble.png */; };
		AD371C03188BDC4900E33EDC /* blueBubble@2x.png in Resources */ = {isa = PBXBuildFile; fileRef = AD371BEC188BDC4900E33EDC /* blueBubble@2x.png */; };
		AD371C06188BDC4900E33EDC /* grayBubble.png in Resources */ = {isa = PBXBuildFile; fileRef = AD371BEF188BDC4900E33EDC /* grayBubble.png */; };
		AD371C07188BDC4900E33EDC /* grayBubble@2x.png in Resources */ = {isa = PBXBuildFile; fileRef = AD371BF0188BDC4900E33EDC /* grayBubble@2x.png */; };
		AD371C11188BDC4900E33EDC /* just_background.png in Resources */ = {isa = PBXBuildFile; fileRef = AD371BFA188BDC4900E33EDC /* just_background.png */; };
		AD371C12188BDC4900E33EDC /* just_background@2x.png in Resources */ = {isa = PBXBuildFile; fileRef = AD371BFB188BDC4900E33EDC /* just_background@2x.png */; };
		AD371C13188BDC4900E33EDC /* Map.png in Resources */ = {isa = PBXBuildFile; fileRef = AD371BFC188BDC4900E33EDC /* Map.png */; };
		AD371C14188BDC4900E33EDC /* Map@2x.png in Resources */ = {isa = PBXBuildFile; fileRef = AD371BFD188BDC4900E33EDC /* Map@2x.png */; };
		AD371C16188BE7F500E33EDC /* libz.1.1.3.dylib in Frameworks */ = {isa = PBXBuildFile; fileRef = AD371C15188BE7F500E33EDC /* libz.1.1.3.dylib */; };
/* End PBXBuildFile section */

/* Begin PBXContainerItemProxy section */
		AD371B81188BA21700E33EDC /* PBXContainerItemProxy */ = {
			isa = PBXContainerItemProxy;
			containerPortal = AD371B53188BA21500E33EDC /* Project object */;
			proxyType = 1;
			remoteGlobalIDString = AD371B5A188BA21600E33EDC;
			remoteInfo = SkateSpotDeux;
		};
/* End PBXContainerItemProxy section */

/* Begin PBXFileReference section */
		AD371B5B188BA21600E33EDC /* SkateSpotDeux.app */ = {isa = PBXFileReference; explicitFileType = wrapper.application; includeInIndex = 0; path = SkateSpotDeux.app; sourceTree = BUILT_PRODUCTS_DIR; };
		AD371B5E188BA21600E33EDC /* Foundation.framework */ = {isa = PBXFileReference; lastKnownFileType = wrapper.framework; name = Foundation.framework; path = System/Library/Frameworks/Foundation.framework; sourceTree = SDKROOT; };
		AD371B62188BA21600E33EDC /* UIKit.framework */ = {isa = PBXFileReference; lastKnownFileType = wrapper.framework; name = UIKit.framework; path = System/Library/Frameworks/UIKit.framework; sourceTree = SDKROOT; };
		AD371B66188BA21600E33EDC /* SkateSpotDeux-Info.plist */ = {isa = PBXFileReference; lastKnownFileType = text.plist.xml; path = "SkateSpotDeux-Info.plist"; sourceTree = "<group>"; };
		AD371B68188BA21600E33EDC /* en */ = {isa = PBXFileReference; lastKnownFileType = text.plist.strings; name = en; path = en.lproj/InfoPlist.strings; sourceTree = "<group>"; };
		AD371B6A188BA21600E33EDC /* main.m */ = {isa = PBXFileReference; lastKnownFileType = sourcecode.c.objc; path = main.m; sourceTree = "<group>"; };
		AD371B6C188BA21600E33EDC /* SkateSpotDeux-Prefix.pch */ = {isa = PBXFileReference; lastKnownFileType = sourcecode.c.h; path = "SkateSpotDeux-Prefix.pch"; sourceTree = "<group>"; };
		AD371B6D188BA21600E33EDC /* AppDelegate.h */ = {isa = PBXFileReference; lastKnownFileType = sourcecode.c.h; path = AppDelegate.h; sourceTree = "<group>"; };
		AD371B6E188BA21700E33EDC /* AppDelegate.m */ = {isa = PBXFileReference; lastKnownFileType = sourcecode.c.objc; path = AppDelegate.m; sourceTree = "<group>"; };
		AD371B71188BA21700E33EDC /* Base */ = {isa = PBXFileReference; lastKnownFileType = file.storyboard; name = Base; path = Base.lproj/Main.storyboard; sourceTree = "<group>"; };
		AD371B76188BA21700E33EDC /* Images.xcassets */ = {isa = PBXFileReference; lastKnownFileType = folder.assetcatalog; path = Images.xcassets; sourceTree = "<group>"; };
		AD371B7C188BA21700E33EDC /* SkateSpotDeuxTests.xctest */ = {isa = PBXFileReference; explicitFileType = wrapper.cfbundle; includeInIndex = 0; path = SkateSpotDeuxTests.xctest; sourceTree = BUILT_PRODUCTS_DIR; };
		AD371B85188BA21700E33EDC /* SkateSpotDeuxTests-Info.plist */ = {isa = PBXFileReference; lastKnownFileType = text.plist.xml; path = "SkateSpotDeuxTests-Info.plist"; sourceTree = "<group>"; };
		AD371B87188BA21700E33EDC /* en */ = {isa = PBXFileReference; lastKnownFileType = text.plist.strings; name = en; path = en.lproj/InfoPlist.strings; sourceTree = "<group>"; };
		AD371B89188BA21700E33EDC /* SkateSpotDeuxTests.m */ = {isa = PBXFileReference; lastKnownFileType = sourcecode.c.objc; path = SkateSpotDeuxTests.m; sourceTree = "<group>"; };
		AD371B95188BA3EB00E33EDC /* WelcomeViewController.h */ = {isa = PBXFileReference; fileEncoding = 4; lastKnownFileType = sourcecode.c.h; path = WelcomeViewController.h; sourceTree = "<group>"; };
		AD371B96188BA3EB00E33EDC /* WelcomeViewController.m */ = {isa = PBXFileReference; fileEncoding = 4; lastKnownFileType = sourcecode.c.objc; path = WelcomeViewController.m; sourceTree = "<group>"; };
		AD371B98188BA45500E33EDC /* WallViewController.h */ = {isa = PBXFileReference; fileEncoding = 4; lastKnownFileType = sourcecode.c.h; path = WallViewController.h; sourceTree = "<group>"; };
		AD371B99188BA45500E33EDC /* WallViewController.m */ = {isa = PBXFileReference; fileEncoding = 4; lastKnownFileType = sourcecode.c.objc; path = WallViewController.m; sourceTree = "<group>"; };
		AD371B9B188BA8ED00E33EDC /* NewUserViewController.h */ = {isa = PBXFileReference; fileEncoding = 4; lastKnownFileType = sourcecode.c.h; path = NewUserViewController.h; sourceTree = "<group>"; };
		AD371B9C188BA8ED00E33EDC /* NewUserViewController.m */ = {isa = PBXFileReference; fileEncoding = 4; lastKnownFileType = sourcecode.c.objc; path = NewUserViewController.m; sourceTree = "<group>"; };
		AD371B9E188BA91100E33EDC /* ActivityView.h */ = {isa = PBXFileReference; fileEncoding = 4; lastKnownFileType = sourcecode.c.h; path = ActivityView.h; sourceTree = "<group>"; };
		AD371B9F188BA91100E33EDC /* ActivityView.m */ = {isa = PBXFileReference; fileEncoding = 4; lastKnownFileType = sourcecode.c.objc; path = ActivityView.m; sourceTree = "<group>"; };
		AD371BA1188BA91D00E33EDC /* CircleView.h */ = {isa = PBXFileReference; fileEncoding = 4; lastKnownFileType = sourcecode.c.h; name = CircleView.h; path = ../CircleView.h; sourceTree = "<group>"; };
		AD371BA2188BA91D00E33EDC /* CircleView.m */ = {isa = PBXFileReference; fileEncoding = 4; lastKnownFileType = sourcecode.c.objc; name = CircleView.m; path = ../CircleView.m; sourceTree = "<group>"; };
		AD371BA4188BA94800E33EDC /* Post.h */ = {isa = PBXFileReference; fileEncoding = 4; lastKnownFileType = sourcecode.c.h; path = Post.h; sourceTree = "<group>"; };
		AD371BA5188BA94800E33EDC /* Post.m */ = {isa = PBXFileReference; fileEncoding = 4; lastKnownFileType = sourcecode.c.objc; path = Post.m; sourceTree = "<group>"; };
		AD371BA7188BA95500E33EDC /* SearchRadius.h */ = {isa = PBXFileReference; fileEncoding = 4; lastKnownFileType = sourcecode.c.h; path = SearchRadius.h; sourceTree = "<group>"; };
		AD371BA8188BA95500E33EDC /* SearchRadius.m */ = {isa = PBXFileReference; fileEncoding = 4; lastKnownFileType = sourcecode.c.objc; path = SearchRadius.m; sourceTree = "<group>"; };
		AD371BAA188BA97D00E33EDC /* LoginViewController.h */ = {isa = PBXFileReference; fileEncoding = 4; lastKnownFileType = sourcecode.c.h; path = LoginViewController.h; sourceTree = "<group>"; };
		AD371BAB188BA97D00E33EDC /* LoginViewController.m */ = {isa = PBXFileReference; fileEncoding = 4; lastKnownFileType = sourcecode.c.objc; path = LoginViewController.m; sourceTree = "<group>"; };
		AD371BAD188BA9C700E33EDC /* WallPostCreateViewController.h */ = {isa = PBXFileReference; fileEncoding = 4; lastKnownFileType = sourcecode.c.h; path = WallPostCreateViewController.h; sourceTree = "<group>"; };
		AD371BAE188BA9C700E33EDC /* WallPostCreateViewController.m */ = {isa = PBXFileReference; fileEncoding = 4; lastKnownFileType = sourcecode.c.objc; path = WallPostCreateViewController.m; sourceTree = "<group>"; };
		AD371BB0188BA9DF00E33EDC /* WallPostsTableViewController.h */ = {isa = PBXFileReference; fileEncoding = 4; lastKnownFileType = sourcecode.c.h; path = WallPostsTableViewController.h; sourceTree = "<group>"; };
		AD371BB1188BA9DF00E33EDC /* WallPostsTableViewController.m */ = {isa = PBXFileReference; fileEncoding = 4; lastKnownFileType = sourcecode.c.objc; path = WallPostsTableViewController.m; sourceTree = "<group>"; };
		AD371BB3188BAA0800E33EDC /* SettingsViewController.h */ = {isa = PBXFileReference; fileEncoding = 4; lastKnownFileType = sourcecode.c.h; path = SettingsViewController.h; sourceTree = "<group>"; };
		AD371BB4188BAA0800E33EDC /* SettingsViewController.m */ = {isa = PBXFileReference; fileEncoding = 4; lastKnownFileType = sourcecode.c.objc; path = SettingsViewController.m; sourceTree = "<group>"; };
		AD371BB6188BB6A900E33EDC /* CoreLocation.framework */ = {isa = PBXFileReference; lastKnownFileType = wrapper.framework; name = CoreLocation.framework; path = System/Library/Frameworks/CoreLocation.framework; sourceTree = SDKROOT; };
		AD371BB8188BB6AF00E33EDC /* MapKit.framework */ = {isa = PBXFileReference; lastKnownFileType = wrapper.framework; name = MapKit.framework; path = System/Library/Frameworks/MapKit.framework; sourceTree = SDKROOT; };
		AD371BD2188BC8E800E33EDC /* Parse.framework */ = {isa = PBXFileReference; lastKnownFileType = wrapper.framework; path = Parse.framework; sourceTree = "<group>"; };
		AD371BD4188BC93000E33EDC /* AudioToolbox.framework */ = {isa = PBXFileReference; lastKnownFileType = wrapper.framework; name = AudioToolbox.framework; path = System/Library/Frameworks/AudioToolbox.framework; sourceTree = SDKROOT; };
		AD371BD5188BC93000E33EDC /* CFNetwork.framework */ = {isa = PBXFileReference; lastKnownFileType = wrapper.framework; name = CFNetwork.framework; path = System/Library/Frameworks/CFNetwork.framework; sourceTree = SDKROOT; };
		AD371BD6188BC93000E33EDC /* CoreGraphics.framework */ = {isa = PBXFileReference; lastKnownFileType = wrapper.framework; name = CoreGraphics.framework; path = System/Library/Frameworks/CoreGraphics.framework; sourceTree = SDKROOT; };
		AD371BD7188BC93000E33EDC /* libz.dylib */ = {isa = PBXFileReference; lastKnownFileType = "compiled.mach-o.dylib"; name = libz.dylib; path = usr/lib/libz.dylib; sourceTree = SDKROOT; };
		AD371BD8188BC93000E33EDC /* MobileCoreServices.framework */ = {isa = PBXFileReference; lastKnownFileType = wrapper.framework; name = MobileCoreServices.framework; path = System/Library/Frameworks/MobileCoreServices.framework; sourceTree = SDKROOT; };
		AD371BD9188BC93000E33EDC /* QuartzCore.framework */ = {isa = PBXFileReference; lastKnownFileType = wrapper.framework; name = QuartzCore.framework; path = System/Library/Frameworks/QuartzCore.framework; sourceTree = SDKROOT; };
		AD371BDA188BC93000E33EDC /* Security.framework */ = {isa = PBXFileReference; lastKnownFileType = wrapper.framework; name = Security.framework; path = System/Library/Frameworks/Security.framework; sourceTree = SDKROOT; };
		AD371BDB188BC93000E33EDC /* StoreKit.framework */ = {isa = PBXFileReference; lastKnownFileType = wrapper.framework; name = StoreKit.framework; path = System/Library/Frameworks/StoreKit.framework; sourceTree = SDKROOT; };
		AD371BDC188BC93000E33EDC /* SystemConfiguration.framework */ = {isa = PBXFileReference; lastKnownFileType = wrapper.framework; name = SystemConfiguration.framework; path = System/Library/Frameworks/SystemConfiguration.framework; sourceTree = SDKROOT; };
		AD371BEB188BDC4900E33EDC /* blueBubble.png */ = {isa = PBXFileReference; lastKnownFileType = image.png; path = blueBubble.png; sourceTree = "<group>"; };
		AD371BEC188BDC4900E33EDC /* blueBubble@2x.png */ = {isa = PBXFileReference; lastKnownFileType = image.png; path = "blueBubble@2x.png"; sourceTree = "<group>"; };
		AD371BEF188BDC4900E33EDC /* grayBubble.png */ = {isa = PBXFileReference; lastKnownFileType = image.png; path = grayBubble.png; sourceTree = "<group>"; };
		AD371BF0188BDC4900E33EDC /* grayBubble@2x.png */ = {isa = PBXFileReference; lastKnownFileType = image.png; path = "grayBubble@2x.png"; sourceTree = "<group>"; };
		AD371BFA188BDC4900E33EDC /* just_background.png */ = {isa = PBXFileReference; lastKnownFileType = image.png; path = just_background.png; sourceTree = "<group>"; };
		AD371BFB188BDC4900E33EDC /* just_background@2x.png */ = {isa = PBXFileReference; lastKnownFileType = image.png; path = "just_background@2x.png"; sourceTree = "<group>"; };
		AD371BFC188BDC4900E33EDC /* Map.png */ = {isa = PBXFileReference; lastKnownFileType = image.png; path = Map.png; sourceTree = "<group>"; };
		AD371BFD188BDC4900E33EDC /* Map@2x.png */ = {isa = PBXFileReference; lastKnownFileType = image.png; path = "Map@2x.png"; sourceTree = "<group>"; };
		AD371C15188BE7F500E33EDC /* libz.1.1.3.dylib */ = {isa = PBXFileReference; lastKnownFileType = "compiled.mach-o.dylib"; name = libz.1.1.3.dylib; path = usr/lib/libz.1.1.3.dylib; sourceTree = SDKROOT; };
/* End PBXFileReference section */

/* Begin PBXFrameworksBuildPhase section */
		AD371B58188BA21600E33EDC /* Frameworks */ = {
			isa = PBXFrameworksBuildPhase;
			buildActionMask = 2147483647;
			files = (
				AD371C16188BE7F500E33EDC /* libz.1.1.3.dylib in Frameworks */,
				AD371BDD188BC93000E33EDC /* AudioToolbox.framework in Frameworks */,
				AD371BDE188BC93000E33EDC /* CFNetwork.framework in Frameworks */,
				AD371BDF188BC93000E33EDC /* CoreGraphics.framework in Frameworks */,
				AD371BE0188BC93000E33EDC /* libz.dylib in Frameworks */,
				AD371BE1188BC93000E33EDC /* MobileCoreServices.framework in Frameworks */,
				AD371BE2188BC93000E33EDC /* QuartzCore.framework in Frameworks */,
				AD371BE3188BC93000E33EDC /* Security.framework in Frameworks */,
				AD371BE4188BC93000E33EDC /* StoreKit.framework in Frameworks */,
				AD371BE5188BC93000E33EDC /* SystemConfiguration.framework in Frameworks */,
				AD371BB9188BB6AF00E33EDC /* MapKit.framework in Frameworks */,
				AD371BB7188BB6A900E33EDC /* CoreLocation.framework in Frameworks */,
				AD371B63188BA21600E33EDC /* UIKit.framework in Frameworks */,
				AD371B5F188BA21600E33EDC /* Foundation.framework in Frameworks */,
				AD371BD3188BC8E800E33EDC /* Parse.framework in Frameworks */,
			);
			runOnlyForDeploymentPostprocessing = 0;
		};
		AD371B79188BA21700E33EDC /* Frameworks */ = {
			isa = PBXFrameworksBuildPhase;
			buildActionMask = 2147483647;
			files = (
				AD371B80188BA21700E33EDC /* UIKit.framework in Frameworks */,
				AD371B7F188BA21700E33EDC /* Foundation.framework in Frameworks */,
			);
			runOnlyForDeploymentPostprocessing = 0;
		};
/* End PBXFrameworksBuildPhase section */

/* Begin PBXGroup section */
		AD371B52188BA21500E33EDC = {
			isa = PBXGroup;
			children = (
				AD371B64188BA21600E33EDC /* SkateSpotDeux */,
				AD371B83188BA21700E33EDC /* SkateSpotDeuxTests */,
				AD371B5D188BA21600E33EDC /* Frameworks */,
				AD371B5C188BA21600E33EDC /* Products */,
			);
			sourceTree = "<group>";
		};
		AD371B5C188BA21600E33EDC /* Products */ = {
			isa = PBXGroup;
			children = (
				AD371B5B188BA21600E33EDC /* SkateSpotDeux.app */,
				AD371B7C188BA21700E33EDC /* SkateSpotDeuxTests.xctest */,
			);
			name = Products;
			sourceTree = "<group>";
		};
		AD371B5D188BA21600E33EDC /* Frameworks */ = {
			isa = PBXGroup;
			children = (
				AD371C15188BE7F500E33EDC /* libz.1.1.3.dylib */,
				AD371BD4188BC93000E33EDC /* AudioToolbox.framework */,
				AD371BD5188BC93000E33EDC /* CFNetwork.framework */,
				AD371BD6188BC93000E33EDC /* CoreGraphics.framework */,
				AD371BD7188BC93000E33EDC /* libz.dylib */,
				AD371BD8188BC93000E33EDC /* MobileCoreServices.framework */,
				AD371BD9188BC93000E33EDC /* QuartzCore.framework */,
				AD371BDA188BC93000E33EDC /* Security.framework */,
				AD371BDB188BC93000E33EDC /* StoreKit.framework */,
				AD371BDC188BC93000E33EDC /* SystemConfiguration.framework */,
				AD371BD2188BC8E800E33EDC /* Parse.framework */,
				AD371BB8188BB6AF00E33EDC /* MapKit.framework */,
				AD371BB6188BB6A900E33EDC /* CoreLocation.framework */,
				AD371B5E188BA21600E33EDC /* Foundation.framework */,
				AD371B62188BA21600E33EDC /* UIKit.framework */,
			);
			name = Frameworks;
			sourceTree = "<group>";
		};
		AD371B64188BA21600E33EDC /* SkateSpotDeux */ = {
			isa = PBXGroup;
			children = (
				AD371BE6188BDC4900E33EDC /* assets */,
				AD371B9E188BA91100E33EDC /* ActivityView.h */,
				AD371B9F188BA91100E33EDC /* ActivityView.m */,
				AD371B6D188BA21600E33EDC /* AppDelegate.h */,
				AD371B6E188BA21700E33EDC /* AppDelegate.m */,
				AD371BA1188BA91D00E33EDC /* CircleView.h */,
				AD371BA2188BA91D00E33EDC /* CircleView.m */,
				AD371B76188BA21700E33EDC /* Images.xcassets */,
				AD371BAA188BA97D00E33EDC /* LoginViewController.h */,
				AD371BAB188BA97D00E33EDC /* LoginViewController.m */,
				AD371B70188BA21700E33EDC /* Main.storyboard */,
				AD371B9B188BA8ED00E33EDC /* NewUserViewController.h */,
				AD371B9C188BA8ED00E33EDC /* NewUserViewController.m */,
				AD371BA4188BA94800E33EDC /* Post.h */,
				AD371BA5188BA94800E33EDC /* Post.m */,
				AD371BA7188BA95500E33EDC /* SearchRadius.h */,
				AD371BA8188BA95500E33EDC /* SearchRadius.m */,
				AD371BB3188BAA0800E33EDC /* SettingsViewController.h */,
				AD371BB4188BAA0800E33EDC /* SettingsViewController.m */,
				AD371B65188BA21600E33EDC /* Supporting Files */,
				AD371BAD188BA9C700E33EDC /* WallPostCreateViewController.h */,
				AD371BAE188BA9C700E33EDC /* WallPostCreateViewController.m */,
				AD371BB0188BA9DF00E33EDC /* WallPostsTableViewController.h */,
				AD371BB1188BA9DF00E33EDC /* WallPostsTableViewController.m */,
				AD371B98188BA45500E33EDC /* WallViewController.h */,
				AD371B99188BA45500E33EDC /* WallViewController.m */,
				AD371B95188BA3EB00E33EDC /* WelcomeViewController.h */,
				AD371B96188BA3EB00E33EDC /* WelcomeViewController.m */,
			);
			path = SkateSpotDeux;
			sourceTree = "<group>";
		};
		AD371B65188BA21600E33EDC /* Supporting Files */ = {
			isa = PBXGroup;
			children = (
				AD371B66188BA21600E33EDC /* SkateSpotDeux-Info.plist */,
				AD371B67188BA21600E33EDC /* InfoPlist.strings */,
				AD371B6A188BA21600E33EDC /* main.m */,
				AD371B6C188BA21600E33EDC /* SkateSpotDeux-Prefix.pch */,
			);
			name = "Supporting Files";
			sourceTree = "<group>";
		};
		AD371B83188BA21700E33EDC /* SkateSpotDeuxTests */ = {
			isa = PBXGroup;
			children = (
				AD371B89188BA21700E33EDC /* SkateSpotDeuxTests.m */,
				AD371B84188BA21700E33EDC /* Supporting Files */,
			);
			path = SkateSpotDeuxTests;
			sourceTree = "<group>";
		};
		AD371B84188BA21700E33EDC /* Supporting Files */ = {
			isa = PBXGroup;
			children = (
				AD371B85188BA21700E33EDC /* SkateSpotDeuxTests-Info.plist */,
				AD371B86188BA21700E33EDC /* InfoPlist.strings */,
			);
			name = "Supporting Files";
			sourceTree = "<group>";
		};
		AD371BE6188BDC4900E33EDC /* assets */ = {
			isa = PBXGroup;
			children = (
				AD371BEB188BDC4900E33EDC /* blueBubble.png */,
				AD371BEC188BDC4900E33EDC /* blueBubble@2x.png */,
				AD371BEF188BDC4900E33EDC /* grayBubble.png */,
				AD371BF0188BDC4900E33EDC /* grayBubble@2x.png */,
				AD371BFA188BDC4900E33EDC /* just_background.png */,
				AD371BFB188BDC4900E33EDC /* just_background@2x.png */,
				AD371BFC188BDC4900E33EDC /* Map.png */,
				AD371BFD188BDC4900E33EDC /* Map@2x.png */,
			);
			path = assets;
			sourceTree = "<group>";
		};
/* End PBXGroup section */

/* Begin PBXNativeTarget section */
		AD371B5A188BA21600E33EDC /* SkateSpotDeux */ = {
			isa = PBXNativeTarget;
			buildConfigurationList = AD371B8D188BA21700E33EDC /* Build configuration list for PBXNativeTarget "SkateSpotDeux" */;
			buildPhases = (
				AD371B57188BA21600E33EDC /* Sources */,
				AD371B58188BA21600E33EDC /* Frameworks */,
				AD371B59188BA21600E33EDC /* Resources */,
			);
			buildRules = (
			);
			dependencies = (
			);
			name = SkateSpotDeux;
			productName = SkateSpotDeux;
			productReference = AD371B5B188BA21600E33EDC /* SkateSpotDeux.app */;
			productType = "com.apple.product-type.application";
		};
		AD371B7B188BA21700E33EDC /* SkateSpotDeuxTests */ = {
			isa = PBXNativeTarget;
			buildConfigurationList = AD371B90188BA21700E33EDC /* Build configuration list for PBXNativeTarget "SkateSpotDeuxTests" */;
			buildPhases = (
				AD371B78188BA21700E33EDC /* Sources */,
				AD371B79188BA21700E33EDC /* Frameworks */,
				AD371B7A188BA21700E33EDC /* Resources */,
			);
			buildRules = (
			);
			dependencies = (
				AD371B82188BA21700E33EDC /* PBXTargetDependency */,
			);
			name = SkateSpotDeuxTests;
			productName = SkateSpotDeuxTests;
			productReference = AD371B7C188BA21700E33EDC /* SkateSpotDeuxTests.xctest */;
			productType = "com.apple.product-type.bundle.unit-test";
		};
/* End PBXNativeTarget section */

/* Begin PBXProject section */
		AD371B53188BA21500E33EDC /* Project object */ = {
			isa = PBXProject;
			attributes = {
				LastUpgradeCheck = 0500;
				ORGANIZATIONNAME = "Fisher Adelakin";
				TargetAttributes = {
					AD371B7B188BA21700E33EDC = {
						TestTargetID = AD371B5A188BA21600E33EDC;
					};
				};
			};
			buildConfigurationList = AD371B56188BA21500E33EDC /* Build configuration list for PBXProject "SkateSpotDeux" */;
			compatibilityVersion = "Xcode 3.2";
			developmentRegion = English;
			hasScannedForEncodings = 0;
			knownRegions = (
				en,
				Base,
			);
			mainGroup = AD371B52188BA21500E33EDC;
			productRefGroup = AD371B5C188BA21600E33EDC /* Products */;
			projectDirPath = "";
			projectRoot = "";
			targets = (
				AD371B5A188BA21600E33EDC /* SkateSpotDeux */,
				AD371B7B188BA21700E33EDC /* SkateSpotDeuxTests */,
			);
		};
/* End PBXProject section */

/* Begin PBXResourcesBuildPhase section */
		AD371B59188BA21600E33EDC /* Resources */ = {
			isa = PBXResourcesBuildPhase;
			buildActionMask = 2147483647;
			files = (
				AD371B77188BA21700E33EDC /* Images.xcassets in Resources */,
				AD371B69188BA21600E33EDC /* InfoPlist.strings in Resources */,
				AD371C13188BDC4900E33EDC /* Map.png in Resources */,
				AD371C12188BDC4900E33EDC /* just_background@2x.png in Resources */,
				AD371C03188BDC4900E33EDC /* blueBubble@2x.png in Resources */,
				AD371C02188BDC4900E33EDC /* blueBubble.png in Resources */,
				AD371C11188BDC4900E33EDC /* just_background.png in Resources */,
				AD371C06188BDC4900E33EDC /* grayBubble.png in Resources */,
				AD371C14188BDC4900E33EDC /* Map@2x.png in Resources */,
				AD371C07188BDC4900E33EDC /* grayBubble@2x.png in Resources */,
				AD371B72188BA21700E33EDC /* Main.storyboard in Resources */,
			);
			runOnlyForDeploymentPostprocessing = 0;
		};
		AD371B7A188BA21700E33EDC /* Resources */ = {
			isa = PBXResourcesBuildPhase;
			buildActionMask = 2147483647;
			files = (
				AD371B88188BA21700E33EDC /* InfoPlist.strings in Resources */,
			);
			runOnlyForDeploymentPostprocessing = 0;
		};
/* End PBXResourcesBuildPhase section */

/* Begin PBXSourcesBuildPhase section */
		AD371B57188BA21600E33EDC /* Sources */ = {
			isa = PBXSourcesBuildPhase;
			buildActionMask = 2147483647;
			files = (
				AD371B97188BA3EB00E33EDC /* WelcomeViewController.m in Sources */,
				AD371B6F188BA21700E33EDC /* AppDelegate.m in Sources */,
				AD371B9A188BA45500E33EDC /* WallViewController.m in Sources */,
				AD371BA6188BA94800E33EDC /* Post.m in Sources */,
				AD371BA9188BA95500E33EDC /* SearchRadius.m in Sources */,
				AD371BA3188BA91D00E33EDC /* CircleView.m in Sources */,
				AD371BB2188BA9DF00E33EDC /* WallPostsTableViewController.m in Sources */,
				AD371BA0188BA91100E33EDC /* ActivityView.m in Sources */,
				AD371B9D188BA8ED00E33EDC /* NewUserViewController.m in Sources */,
				AD371BAC188BA97D00E33EDC /* LoginViewController.m in Sources */,
				AD371BAF188BA9C700E33EDC /* WallPostCreateViewController.m in Sources */,
				AD371B6B188BA21600E33EDC /* main.m in Sources */,
				AD371BB5188BAA0800E33EDC /* SettingsViewController.m in Sources */,
			);
			runOnlyForDeploymentPostprocessing = 0;
		};
		AD371B78188BA21700E33EDC /* Sources */ = {
			isa = PBXSourcesBuildPhase;
			buildActionMask = 2147483647;
			files = (
				AD371B8A188BA21700E33EDC /* SkateSpotDeuxTests.m in Sources */,
			);
			runOnlyForDeploymentPostprocessing = 0;
		};
/* End PBXSourcesBuildPhase section */

/* Begin PBXTargetDependency section */
		AD371B82188BA21700E33EDC /* PBXTargetDependency */ = {
			isa = PBXTargetDependency;
			target = AD371B5A188BA21600E33EDC /* SkateSpotDeux */;
			targetProxy = AD371B81188BA21700E33EDC /* PBXContainerItemProxy */;
		};
/* End PBXTargetDependency section */

/* Begin PBXVariantGroup section */
		AD371B67188BA21600E33EDC /* InfoPlist.strings */ = {
			isa = PBXVariantGroup;
			children = (
				AD371B68188BA21600E33EDC /* en */,
			);
			name = InfoPlist.strings;
			sourceTree = "<group>";
		};
		AD371B70188BA21700E33EDC /* Main.storyboard */ = {
			isa = PBXVariantGroup;
			children = (
				AD371B71188BA21700E33EDC /* Base */,
			);
			name = Main.storyboard;
			sourceTree = "<group>";
		};
		AD371B86188BA21700E33EDC /* InfoPlist.strings */ = {
			isa = PBXVariantGroup;
			children = (
				AD371B87188BA21700E33EDC /* en */,
			);
			name = InfoPlist.strings;
			sourceTree = "<group>";
		};
/* End PBXVariantGroup section */

/* Begin XCBuildConfiguration section */
		AD371B8B188BA21700E33EDC /* Debug */ = {
			isa = XCBuildConfiguration;
			buildSettings = {
				ALWAYS_SEARCH_USER_PATHS = NO;
				CLANG_CXX_LANGUAGE_STANDARD = "gnu++0x";
				CLANG_CXX_LIBRARY = "libc++";
				CLANG_ENABLE_MODULES = YES;
				CLANG_ENABLE_OBJC_ARC = YES;
				CLANG_WARN_BOOL_CONVERSION = YES;
				CLANG_WARN_CONSTANT_CONVERSION = YES;
				CLANG_WARN_DIRECT_OBJC_ISA_USAGE = YES_ERROR;
				CLANG_WARN_EMPTY_BODY = YES;
				CLANG_WARN_ENUM_CONVERSION = YES;
				CLANG_WARN_INT_CONVERSION = YES;
				CLANG_WARN_OBJC_ROOT_CLASS = YES_ERROR;
				CLANG_WARN__DUPLICATE_METHOD_MATCH = YES;
				"CODE_SIGN_IDENTITY[sdk=iphoneos*]" = "iPhone Developer";
				COPY_PHASE_STRIP = NO;
				GCC_C_LANGUAGE_STANDARD = gnu99;
				GCC_DYNAMIC_NO_PIC = NO;
				GCC_OPTIMIZATION_LEVEL = 0;
				GCC_PREPROCESSOR_DEFINITIONS = (
					"DEBUG=1",
					"$(inherited)",
				);
				GCC_SYMBOLS_PRIVATE_EXTERN = NO;
				GCC_WARN_64_TO_32_BIT_CONVERSION = YES;
				GCC_WARN_ABOUT_RETURN_TYPE = YES_ERROR;
				GCC_WARN_UNDECLARED_SELECTOR = YES;
				GCC_WARN_UNINITIALIZED_AUTOS = YES;
				GCC_WARN_UNUSED_FUNCTION = YES;
				GCC_WARN_UNUSED_VARIABLE = YES;
				IPHONEOS_DEPLOYMENT_TARGET = 7.0;
				ONLY_ACTIVE_ARCH = YES;
				SDKROOT = iphoneos;
			};
			name = Debug;
		};
		AD371B8C188BA21700E33EDC /* Release */ = {
			isa = XCBuildConfiguration;
			buildSettings = {
				ALWAYS_SEARCH_USER_PATHS = NO;
				CLANG_CXX_LANGUAGE_STANDARD = "gnu++0x";
				CLANG_CXX_LIBRARY = "libc++";
				CLANG_ENABLE_MODULES = YES;
				CLANG_ENABLE_OBJC_ARC = YES;
				CLANG_WARN_BOOL_CONVERSION = YES;
				CLANG_WARN_CONSTANT_CONVERSION = YES;
				CLANG_WARN_DIRECT_OBJC_ISA_USAGE = YES_ERROR;
				CLANG_WARN_EMPTY_BODY = YES;
				CLANG_WARN_ENUM_CONVERSION = YES;
				CLANG_WARN_INT_CONVERSION = YES;
				CLANG_WARN_OBJC_ROOT_CLASS = YES_ERROR;
				CLANG_WARN__DUPLICATE_METHOD_MATCH = YES;
				"CODE_SIGN_IDENTITY[sdk=iphoneos*]" = "iPhone Developer";
				COPY_PHASE_STRIP = YES;
				ENABLE_NS_ASSERTIONS = NO;
				GCC_C_LANGUAGE_STANDARD = gnu99;
				GCC_WARN_64_TO_32_BIT_CONVERSION = YES;
				GCC_WARN_ABOUT_RETURN_TYPE = YES_ERROR;
				GCC_WARN_UNDECLARED_SELECTOR = YES;
				GCC_WARN_UNINITIALIZED_AUTOS = YES;
				GCC_WARN_UNUSED_FUNCTION = YES;
				GCC_WARN_UNUSED_VARIABLE = YES;
				IPHONEOS_DEPLOYMENT_TARGET = 7.0;
				SDKROOT = iphoneos;
				VALIDATE_PRODUCT = YES;
			};
			name = Release;
		};
		AD371B8E188BA21700E33EDC /* Debug */ = {
			isa = XCBuildConfiguration;
			buildSettings = {
				ARCHS = "$(ARCHS_STANDARD)";
				ASSETCATALOG_COMPILER_APPICON_NAME = AppIcon;
				ASSETCATALOG_COMPILER_LAUNCHIMAGE_NAME = LaunchImage;
				FRAMEWORK_SEARCH_PATHS = (
					"$(SRCROOT)",
					"/Users/Fisher/Documents/Programming/Objective-C/iOS/SkateSpotDeux",
				);
				GCC_PRECOMPILE_PREFIX_HEADER = YES;
				GCC_PREFIX_HEADER = "SkateSpotDeux/SkateSpotDeux-Prefix.pch";
				INFOPLIST_FILE = "SkateSpotDeux/SkateSpotDeux-Info.plist";
				IPHONEOS_DEPLOYMENT_TARGET = 7.0;
				LIBRARY_SEARCH_PATHS = "$(SRCROOT)";
				ONLY_ACTIVE_ARCH = NO;
				PRODUCT_NAME = "$(TARGET_NAME)";
				VALID_ARCHS = "armv7 armv7s";
				WRAPPER_EXTENSION = app;
			};
			name = Debug;
		};
		AD371B8F188BA21700E33EDC /* Release */ = {
			isa = XCBuildConfiguration;
			buildSettings = {
				ARCHS = "$(ARCHS_STANDARD)";
				ASSETCATALOG_COMPILER_APPICON_NAME = AppIcon;
				ASSETCATALOG_COMPILER_LAUNCHIMAGE_NAME = LaunchImage;
				FRAMEWORK_SEARCH_PATHS = (
					"$(SRCROOT)",
					"/Users/Fisher/Documents/Programming/Objective-C/iOS/SkateSpotDeux",
				);
				GCC_PRECOMPILE_PREFIX_HEADER = YES;
				GCC_PREFIX_HEADER = "SkateSpotDeux/SkateSpotDeux-Prefix.pch";
				INFOPLIST_FILE = "SkateSpotDeux/SkateSpotDeux-Info.plist";
				IPHONEOS_DEPLOYMENT_TARGET = 7.0;
				LIBRARY_SEARCH_PATHS = "$(SRCROOT)";
				ONLY_ACTIVE_ARCH = NO;
				PRODUCT_NAME = "$(TARGET_NAME)";
				VALID_ARCHS = "armv7 armv7s";
				WRAPPER_EXTENSION = app;
			};
			name = Release;
		};
		AD371B91188BA21700E33EDC /* Debug */ = {
			isa = XCBuildConfiguration;
			buildSettings = {
				BUNDLE_LOADER = "$(BUILT_PRODUCTS_DIR)/SkateSpotDeux.app/SkateSpotDeux";
				FRAMEWORK_SEARCH_PATHS = (
					"$(SDKROOT)/Developer/Library/Frameworks",
					"$(inherited)",
					"$(DEVELOPER_FRAMEWORKS_DIR)",
				);
				GCC_PRECOMPILE_PREFIX_HEADER = YES;
				GCC_PREFIX_HEADER = "SkateSpotDeux/SkateSpotDeux-Prefix.pch";
				GCC_PREPROCESSOR_DEFINITIONS = (
					"DEBUG=1",
					"$(inherited)",
				);
				INFOPLIST_FILE = "SkateSpotDeuxTests/SkateSpotDeuxTests-Info.plist";
				PRODUCT_NAME = "$(TARGET_NAME)";
				TEST_HOST = "$(BUNDLE_LOADER)";
				WRAPPER_EXTENSION = xctest;
			};
			name = Debug;
		};
		AD371B92188BA21700E33EDC /* Release */ = {
			isa = XCBuildConfiguration;
			buildSettings = {
				BUNDLE_LOADER = "$(BUILT_PRODUCTS_DIR)/SkateSpotDeux.app/SkateSpotDeux";
				FRAMEWORK_SEARCH_PATHS = (
					"$(SDKROOT)/Developer/Library/Frameworks",
					"$(inherited)",
					"$(DEVELOPER_FRAMEWORKS_DIR)",
				);
				GCC_PRECOMPILE_PREFIX_HEADER = YES;
				GCC_PREFIX_HEADER = "SkateSpotDeux/SkateSpotDeux-Prefix.pch";
				INFOPLIST_FILE = "SkateSpotDeuxTests/SkateSpotDeuxTests-Info.plist";
				PRODUCT_NAME = "$(TARGET_NAME)";
				TEST_HOST = "$(BUNDLE_LOADER)";
				WRAPPER_EXTENSION = xctest;
			};
			name = Release;
		};
/* End XCBuildConfiguration section */

/* Begin XCConfigurationList section */
		AD371B56188BA21500E33EDC /* Build configuration list for PBXProject "SkateSpotDeux" */ = {
			isa = XCConfigurationList;
			buildConfigurations = (
				AD371B8B188BA21700E33EDC /* Debug */,
				AD371B8C188BA21700E33EDC /* Release */,
			);
			defaultConfigurationIsVisible = 0;
			defaultConfigurationName = Release;
		};
		AD371B8D188BA21700E33EDC /* Build configuration list for PBXNativeTarget "SkateSpotDeux" */ = {
			isa = XCConfigurationList;
			buildConfigurations = (
				AD371B8E188BA21700E33EDC /* Debug */,
				AD371B8F188BA21700E33EDC /* Release */,
			);
			defaultConfigurationIsVisible = 0;
			defaultConfigurationName = Release;
		};
		AD371B90188BA21700E33EDC /* Build configuration list for PBXNativeTarget "SkateSpotDeuxTests" */ = {
			isa = XCConfigurationList;
			buildConfigurations = (
				AD371B91188BA21700E33EDC /* Debug */,
				AD371B92188BA21700E33EDC /* Release */,
			);
			defaultConfigurationIsVisible = 0;
			defaultConfigurationName = Release;
		};
/* End XCConfigurationList section */
	};
	rootObject = AD371B53188BA21500E33EDC /* Project object */;
}
